
Microsoft Visual Studio Solution File, Format Version 12.00
# Visual Studio Version 17
VisualStudioVersion = 17.10.35122.118
MinimumVisualStudioVersion = 10.0.40219.1
Project("{2150E333-8FDC-42A3-9474-1A3956D46DE8}") = "Common", "Common", "{F793C5BC-F900-425C-8192-CAC0A6169D78}"
EndProject
Project("{2150E333-8FDC-42A3-9474-1A3956D46DE8}") = "Services", "Services", "{A8B21DA4-FF25-47C0-AF93-CA7BE4D872BC}"
EndProject
Project("{9A19103F-16F7-4668-BE54-9A1E7A4F7556}") = "BuildingBlocks", "Common\BuildingBlocks\BuildingBlocks.csproj", "{61D40BB2-3360-4B79-B9F3-498B1A391022}"
EndProject
Project("{E53339B2-1760-4266-BCC7-CA923CBCF16C}") = "docker-compose", "docker-compose.dcproj", "{32F92528-AC0D-45FB-AD9F-0B2FDB039780}"
EndProject
Project("{9A19103F-16F7-4668-BE54-9A1E7A4F7556}") = "Identity.ApiTests", "Tests\Identity.ApiTests\Identity.ApiTests.csproj", "{8135E9D1-9803-4A8B-A56B-B6D4E7C18690}"
EndProject
Project("{9A19103F-16F7-4668-BE54-9A1E7A4F7556}") = "BuildingBlocksTests", "Tests\BuildingBlocksTests\BuildingBlocksTests.csproj", "{B073FE26-78D0-4C93-84CF-4E47BAA29EFB}"
EndProject
Project("{2150E333-8FDC-42A3-9474-1A3956D46DE8}") = "Tests", "Tests", "{B85EF9DD-E521-467D-8951-06F18B9994FA}"
EndProject
Project("{2150E333-8FDC-42A3-9474-1A3956D46DE8}") = "UserManagement", "UserManagement", "{C19CEF69-3CD4-48D8-B42B-B54E88608E67}"
EndProject
Project("{9A19103F-16F7-4668-BE54-9A1E7A4F7556}") = "UserManagement.Api", "Services\UserManagement\UserManagement.Api\UserManagement.Api.csproj", "{1DE5EDF5-5E60-40AC-821C-6733AB853F0A}"
EndProject
Project("{9A19103F-16F7-4668-BE54-9A1E7A4F7556}") = "Identity.Api", "Services\Identity.Api\Identity.Api.csproj", "{6955EAE8-7B2E-43C4-9839-66511DC9EF18}"
EndProject
Project("{9A19103F-16F7-4668-BE54-9A1E7A4F7556}") = "UserManagement.Infrastructure", "Services\UserManagement\UserManagement.Infrastructure\UserManagement.Infrastructure.csproj", "{47F34E15-A090-413D-9A35-4FAAE69F1A08}"
EndProject
Project("{9A19103F-16F7-4668-BE54-9A1E7A4F7556}") = "UserManagement.Application", "Services\UserManagement\UserManagement.Application\UserManagement.Application.csproj", "{21A146C5-E9BA-4B51-97AD-4C289425A11F}"
EndProject
Project("{9A19103F-16F7-4668-BE54-9A1E7A4F7556}") = "UserManagement.Domain", "Services\UserManagement\UserManagement.Domain\UserManagement.Domain.csproj", "{B26D5DD0-A6C0-414A-AA77-EA10FC393AC9}"
EndProject
Project("{9A19103F-16F7-4668-BE54-9A1E7A4F7556}") = "Domain.Base", "Common\Domain.Base\Domain.Base.csproj", "{DD47E730-9FC4-4324-AB4E-D8D8D3B4BA51}"
EndProject
Project("{2150E333-8FDC-42A3-9474-1A3956D46DE8}") = "ServiceClients", "ServiceClients", "{6CF8C7A0-521A-48AE-AFB0-28339136FAA1}"
EndProject
Project("{2150E333-8FDC-42A3-9474-1A3956D46DE8}") = "DataAccess", "DataAccess", "{36D3BE4A-CB7D-438D-9D1C-DE000227DF21}"
EndProject
Project("{9A19103F-16F7-4668-BE54-9A1E7A4F7556}") = "UserManagement.DataAccess", "Common\DataAccess\UserManagement.DataAccess\UserManagement.DataAccess.csproj", "{66809320-B7CF-4637-87C2-BBCFE1A9D1EC}"
EndProject
Project("{FAE04EC0-301F-11D3-BF4B-00C04F79EFBC}") = "Location.Api", "Services\Location\Location.Api\Location.Api.csproj", "{009526EF-5369-4DD3-864D-50D9F568A5A9}"
EndProject
Project("{FAE04EC0-301F-11D3-BF4B-00C04F79EFBC}") = "Location.Client", "Common\ServiceClients\Location.Client\Location.Client.csproj", "{3EFFA2D5-AE41-4B74-8067-56480B6FE8E0}"
EndProject
Project("{2150E333-8FDC-42A3-9474-1A3956D46DE8}") = "Location", "Location", "{20870DA9-483E-4460-BBC7-D171A0049AA3}"
EndProject
Project("{FAE04EC0-301F-11D3-BF4B-00C04F79EFBC}") = "Location.Contracts", "Services\Location\Location.Contracts\Location.Contracts.csproj", "{82590DA1-4BE5-4026-A869-C90B535AC2BF}"
EndProject
Project("{FAE04EC0-301F-11D3-BF4B-00C04F79EFBC}") = "ApiGateway", "ApiGateway\ApiGateway.csproj", "{47922499-A2D5-4F16-AFEC-4F45E401CEA2}"
EndProject
Project("{2150E333-8FDC-42A3-9474-1A3956D46DE8}") = "Postman", "Postman", "{6B7DE172-6C14-4ACE-9A2C-5C3B80A9AB19}"
	ProjectSection(SolutionItems) = preProject
		Postman\Development Environment.postman_environment.json = Postman\Development Environment.postman_environment.json
		Postman\Location API.postman_collection.json = Postman\Location API.postman_collection.json
		Postman\UserManagement API.postman_collection.json = Postman\UserManagement API.postman_collection.json
	EndProjectSection
EndProject
Global
	GlobalSection(SolutionConfigurationPlatforms) = preSolution
		Debug|Any CPU = Debug|Any CPU
		Release|Any CPU = Release|Any CPU
	EndGlobalSection
	GlobalSection(ProjectConfigurationPlatforms) = postSolution
		{61D40BB2-3360-4B79-B9F3-498B1A391022}.Debug|Any CPU.ActiveCfg = Debug|Any CPU
		{61D40BB2-3360-4B79-B9F3-498B1A391022}.Debug|Any CPU.Build.0 = Debug|Any CPU
		{61D40BB2-3360-4B79-B9F3-498B1A391022}.Release|Any CPU.ActiveCfg = Release|Any CPU
		{61D40BB2-3360-4B79-B9F3-498B1A391022}.Release|Any CPU.Build.0 = Release|Any CPU
		{32F92528-AC0D-45FB-AD9F-0B2FDB039780}.Debug|Any CPU.ActiveCfg = Debug|Any CPU
		{32F92528-AC0D-45FB-AD9F-0B2FDB039780}.Debug|Any CPU.Build.0 = Debug|Any CPU
		{32F92528-AC0D-45FB-AD9F-0B2FDB039780}.Release|Any CPU.ActiveCfg = Release|Any CPU
		{32F92528-AC0D-45FB-AD9F-0B2FDB039780}.Release|Any CPU.Build.0 = Release|Any CPU
		{8135E9D1-9803-4A8B-A56B-B6D4E7C18690}.Debug|Any CPU.ActiveCfg = Debug|Any CPU
		{8135E9D1-9803-4A8B-A56B-B6D4E7C18690}.Debug|Any CPU.Build.0 = Debug|Any CPU
		{8135E9D1-9803-4A8B-A56B-B6D4E7C18690}.Release|Any CPU.ActiveCfg = Release|Any CPU
		{8135E9D1-9803-4A8B-A56B-B6D4E7C18690}.Release|Any CPU.Build.0 = Release|Any CPU
		{B073FE26-78D0-4C93-84CF-4E47BAA29EFB}.Debug|Any CPU.ActiveCfg = Debug|Any CPU
		{B073FE26-78D0-4C93-84CF-4E47BAA29EFB}.Debug|Any CPU.Build.0 = Debug|Any CPU
		{B073FE26-78D0-4C93-84CF-4E47BAA29EFB}.Release|Any CPU.ActiveCfg = Release|Any CPU
		{B073FE26-78D0-4C93-84CF-4E47BAA29EFB}.Release|Any CPU.Build.0 = Release|Any CPU
		{1DE5EDF5-5E60-40AC-821C-6733AB853F0A}.Debug|Any CPU.ActiveCfg = Debug|Any CPU
		{1DE5EDF5-5E60-40AC-821C-6733AB853F0A}.Debug|Any CPU.Build.0 = Debug|Any CPU
		{1DE5EDF5-5E60-40AC-821C-6733AB853F0A}.Release|Any CPU.ActiveCfg = Release|Any CPU
		{1DE5EDF5-5E60-40AC-821C-6733AB853F0A}.Release|Any CPU.Build.0 = Release|Any CPU
		{6955EAE8-7B2E-43C4-9839-66511DC9EF18}.Debug|Any CPU.ActiveCfg = Debug|Any CPU
		{6955EAE8-7B2E-43C4-9839-66511DC9EF18}.Debug|Any CPU.Build.0 = Debug|Any CPU
		{6955EAE8-7B2E-43C4-9839-66511DC9EF18}.Release|Any CPU.ActiveCfg = Release|Any CPU
		{6955EAE8-7B2E-43C4-9839-66511DC9EF18}.Release|Any CPU.Build.0 = Release|Any CPU
		{47F34E15-A090-413D-9A35-4FAAE69F1A08}.Debug|Any CPU.ActiveCfg = Debug|Any CPU
		{47F34E15-A090-413D-9A35-4FAAE69F1A08}.Debug|Any CPU.Build.0 = Debug|Any CPU
		{47F34E15-A090-413D-9A35-4FAAE69F1A08}.Release|Any CPU.ActiveCfg = Release|Any CPU
		{47F34E15-A090-413D-9A35-4FAAE69F1A08}.Release|Any CPU.Build.0 = Release|Any CPU
		{21A146C5-E9BA-4B51-97AD-4C289425A11F}.Debug|Any CPU.ActiveCfg = Debug|Any CPU
		{21A146C5-E9BA-4B51-97AD-4C289425A11F}.Debug|Any CPU.Build.0 = Debug|Any CPU
		{21A146C5-E9BA-4B51-97AD-4C289425A11F}.Release|Any CPU.ActiveCfg = Release|Any CPU
		{21A146C5-E9BA-4B51-97AD-4C289425A11F}.Release|Any CPU.Build.0 = Release|Any CPU
		{B26D5DD0-A6C0-414A-AA77-EA10FC393AC9}.Debug|Any CPU.ActiveCfg = Debug|Any CPU
		{B26D5DD0-A6C0-414A-AA77-EA10FC393AC9}.Debug|Any CPU.Build.0 = Debug|Any CPU
		{B26D5DD0-A6C0-414A-AA77-EA10FC393AC9}.Release|Any CPU.ActiveCfg = Release|Any CPU
		{B26D5DD0-A6C0-414A-AA77-EA10FC393AC9}.Release|Any CPU.Build.0 = Release|Any CPU
		{DD47E730-9FC4-4324-AB4E-D8D8D3B4BA51}.Debug|Any CPU.ActiveCfg = Debug|Any CPU
		{DD47E730-9FC4-4324-AB4E-D8D8D3B4BA51}.Debug|Any CPU.Build.0 = Debug|Any CPU
		{DD47E730-9FC4-4324-AB4E-D8D8D3B4BA51}.Release|Any CPU.ActiveCfg = Release|Any CPU
		{DD47E730-9FC4-4324-AB4E-D8D8D3B4BA51}.Release|Any CPU.Build.0 = Release|Any CPU
		{66809320-B7CF-4637-87C2-BBCFE1A9D1EC}.Debug|Any CPU.ActiveCfg = Debug|Any CPU
		{66809320-B7CF-4637-87C2-BBCFE1A9D1EC}.Debug|Any CPU.Build.0 = Debug|Any CPU
		{66809320-B7CF-4637-87C2-BBCFE1A9D1EC}.Release|Any CPU.ActiveCfg = Release|Any CPU
		{66809320-B7CF-4637-87C2-BBCFE1A9D1EC}.Release|Any CPU.Build.0 = Release|Any CPU
		{009526EF-5369-4DD3-864D-50D9F568A5A9}.Debug|Any CPU.ActiveCfg = Debug|Any CPU
		{009526EF-5369-4DD3-864D-50D9F568A5A9}.Debug|Any CPU.Build.0 = Debug|Any CPU
		{009526EF-5369-4DD3-864D-50D9F568A5A9}.Release|Any CPU.ActiveCfg = Release|Any CPU
		{009526EF-5369-4DD3-864D-50D9F568A5A9}.Release|Any CPU.Build.0 = Release|Any CPU
		{3EFFA2D5-AE41-4B74-8067-56480B6FE8E0}.Debug|Any CPU.ActiveCfg = Debug|Any CPU
		{3EFFA2D5-AE41-4B74-8067-56480B6FE8E0}.Debug|Any CPU.Build.0 = Debug|Any CPU
		{3EFFA2D5-AE41-4B74-8067-56480B6FE8E0}.Release|Any CPU.ActiveCfg = Release|Any CPU
		{3EFFA2D5-AE41-4B74-8067-56480B6FE8E0}.Release|Any CPU.Build.0 = Release|Any CPU
		{82590DA1-4BE5-4026-A869-C90B535AC2BF}.Debug|Any CPU.ActiveCfg = Debug|Any CPU
		{82590DA1-4BE5-4026-A869-C90B535AC2BF}.Debug|Any CPU.Build.0 = Debug|Any CPU
		{82590DA1-4BE5-4026-A869-C90B535AC2BF}.Release|Any CPU.ActiveCfg = Release|Any CPU
		{82590DA1-4BE5-4026-A869-C90B535AC2BF}.Release|Any CPU.Build.0 = Release|Any CPU
		{47922499-A2D5-4F16-AFEC-4F45E401CEA2}.Debug|Any CPU.ActiveCfg = Debug|Any CPU
		{47922499-A2D5-4F16-AFEC-4F45E401CEA2}.Debug|Any CPU.Build.0 = Debug|Any CPU
		{47922499-A2D5-4F16-AFEC-4F45E401CEA2}.Release|Any CPU.ActiveCfg = Release|Any CPU
		{47922499-A2D5-4F16-AFEC-4F45E401CEA2}.Release|Any CPU.Build.0 = Release|Any CPU
	EndGlobalSection
	GlobalSection(SolutionProperties) = preSolution
		HideSolutionNode = FALSE
	EndGlobalSection
	GlobalSection(NestedProjects) = preSolution
		{61D40BB2-3360-4B79-B9F3-498B1A391022} = {F793C5BC-F900-425C-8192-CAC0A6169D78}
		{8135E9D1-9803-4A8B-A56B-B6D4E7C18690} = {B85EF9DD-E521-467D-8951-06F18B9994FA}
		{B073FE26-78D0-4C93-84CF-4E47BAA29EFB} = {B85EF9DD-E521-467D-8951-06F18B9994FA}
		{C19CEF69-3CD4-48D8-B42B-B54E88608E67} = {A8B21DA4-FF25-47C0-AF93-CA7BE4D872BC}
		{1DE5EDF5-5E60-40AC-821C-6733AB853F0A} = {C19CEF69-3CD4-48D8-B42B-B54E88608E67}
		{6955EAE8-7B2E-43C4-9839-66511DC9EF18} = {A8B21DA4-FF25-47C0-AF93-CA7BE4D872BC}
		{47F34E15-A090-413D-9A35-4FAAE69F1A08} = {C19CEF69-3CD4-48D8-B42B-B54E88608E67}
		{21A146C5-E9BA-4B51-97AD-4C289425A11F} = {C19CEF69-3CD4-48D8-B42B-B54E88608E67}
		{B26D5DD0-A6C0-414A-AA77-EA10FC393AC9} = {C19CEF69-3CD4-48D8-B42B-B54E88608E67}
		{DD47E730-9FC4-4324-AB4E-D8D8D3B4BA51} = {F793C5BC-F900-425C-8192-CAC0A6169D78}
		{6CF8C7A0-521A-48AE-AFB0-28339136FAA1} = {F793C5BC-F900-425C-8192-CAC0A6169D78}
		{36D3BE4A-CB7D-438D-9D1C-DE000227DF21} = {F793C5BC-F900-425C-8192-CAC0A6169D78}
		{66809320-B7CF-4637-87C2-BBCFE1A9D1EC} = {36D3BE4A-CB7D-438D-9D1C-DE000227DF21}
		{009526EF-5369-4DD3-864D-50D9F568A5A9} = {20870DA9-483E-4460-BBC7-D171A0049AA3}
		{3EFFA2D5-AE41-4B74-8067-56480B6FE8E0} = {6CF8C7A0-521A-48AE-AFB0-28339136FAA1}
		{20870DA9-483E-4460-BBC7-D171A0049AA3} = {A8B21DA4-FF25-47C0-AF93-CA7BE4D872BC}
		{82590DA1-4BE5-4026-A869-C90B535AC2BF} = {20870DA9-483E-4460-BBC7-D171A0049AA3}
	EndGlobalSection
	GlobalSection(ExtensibilityGlobals) = postSolution
		SolutionGuid = {99BF2C52-532E-45AF-BC1E-EA12D12BE080}
	EndGlobalSection
EndGlobal
